
Microsoft Visual Studio Solution File, Format Version 12.00
# Visual Studio Version 17
VisualStudioVersion = 17.10.35004.147
MinimumVisualStudioVersion = 10.0.40219.1
Project("{FAE04EC0-301F-11D3-BF4B-00C04F79EFBC}") = "School.Web", "School.Web\School.Web.csproj", "{58F7A3F6-7CE4-4C27-A4EC-23AB113746E9}"
EndProject
Project("{FAE04EC0-301F-11D3-BF4B-00C04F79EFBC}") = "School.Data", "School.Data\School.Data.csproj", "{2C214208-1F26-4311-AF94-7F53DDB1124E}"
EndProject
Project("{FAE04EC0-301F-11D3-BF4B-00C04F79EFBC}") = "School.Test", "School.Test\School.Test.csproj", "{FEA78F3E-2B79-41E8-BF62-F97C305C8EA6}"
EndProject
Global
	GlobalSection(SolutionConfigurationPlatforms) = preSolution
		Debug|Any CPU = Debug|Any CPU
		Release|Any CPU = Release|Any CPU
	EndGlobalSection
	GlobalSection(ProjectConfigurationPlatforms) = postSolution
		{58F7A3F6-7CE4-4C27-A4EC-23AB113746E9}.Debug|Any CPU.ActiveCfg = Debug|Any CPU
		{58F7A3F6-7CE4-4C27-A4EC-23AB113746E9}.Debug|Any CPU.Build.0 = Debug|Any CPU
		{58F7A3F6-7CE4-4C27-A4EC-23AB113746E9}.Release|Any CPU.ActiveCfg = Release|Any CPU
		{58F7A3F6-7CE4-4C27-A4EC-23AB113746E9}.Release|Any CPU.Build.0 = Release|Any CPU
		{2C214208-1F26-4311-AF94-7F53DDB1124E}.Debug|Any CPU.ActiveCfg = Debug|Any CPU
		{2C214208-1F26-4311-AF94-7F53DDB1124E}.Debug|Any CPU.Build.0 = Debug|Any CPU
		{2C214208-1F26-4311-AF94-7F53DDB1124E}.Release|Any CPU.ActiveCfg = Release|Any CPU
		{2C214208-1F26-4311-AF94-7F53DDB1124E}.Release|Any CPU.Build.0 = Release|Any CPU
		{FEA78F3E-2B79-41E8-BF62-F97C305C8EA6}.Debug|Any CPU.ActiveCfg = Debug|Any CPU
		{FEA78F3E-2B79-41E8-BF62-F97C305C8EA6}.Debug|Any CPU.Build.0 = Debug|Any CPU
		{FEA78F3E-2B79-41E8-BF62-F97C305C8EA6}.Release|Any CPU.ActiveCfg = Release|Any CPU
		{FEA78F3E-2B79-41E8-BF62-F97C305C8EA6}.Release|Any CPU.Build.0 = Release|Any CPU
	EndGlobalSection
	GlobalSection(SolutionProperties) = preSolution
		HideSolutionNode = FALSE
	EndGlobalSection
	GlobalSection(ExtensibilityGlobals) = postSolution
		SolutionGuid = {A15FC3D2-7117-419F-A3AD-FEBC93C43A95}
	EndGlobalSection
EndGlobal
